// !$*UTF8*$!
{
	archiveVersion = 1;
	classes = {
	};
	objectVersion = 56;
	objects = {

/* Begin PBXBuildFile section */
		FA2D793D28E42D3C0032BEC0 /* UnitType.swift in Sources */ = {isa = PBXBuildFile; fileRef = FA2D793C28E42D3C0032BEC0 /* UnitType.swift */; };
		FA2D794A28E521C00032BEC0 /* GraphDataGenerator.swift in Sources */ = {isa = PBXBuildFile; fileRef = FA2D794928E521C00032BEC0 /* GraphDataGenerator.swift */; };
		FA2D795028E5241A0032BEC0 /* GraphDataGeneratorTests.swift in Sources */ = {isa = PBXBuildFile; fileRef = FA2D794F28E5241A0032BEC0 /* GraphDataGeneratorTests.swift */; };
		FA2D795228E537020032BEC0 /* ActivityBreakdown.swift in Sources */ = {isa = PBXBuildFile; fileRef = FA2D795128E537020032BEC0 /* ActivityBreakdown.swift */; };
		FA2D795528E54B090032BEC0 /* DateFormatter+Common.swift in Sources */ = {isa = PBXBuildFile; fileRef = FA2D795428E54B090032BEC0 /* DateFormatter+Common.swift */; };
		FA2D795728E55ADA0032BEC0 /* WobbleButtonStyle.swift in Sources */ = {isa = PBXBuildFile; fileRef = FA2D795628E55ADA0032BEC0 /* WobbleButtonStyle.swift */; };
		FA2D795928E55B790032BEC0 /* Path+Extensions.swift in Sources */ = {isa = PBXBuildFile; fileRef = FA2D795828E55B790032BEC0 /* Path+Extensions.swift */; };
		FA2D795B28E55BC90032BEC0 /* AnimatableVector.swift in Sources */ = {isa = PBXBuildFile; fileRef = FA2D795A28E55BC90032BEC0 /* AnimatableVector.swift */; };
		FA2D795D28E55C2E0032BEC0 /* MorphableShape.swift in Sources */ = {isa = PBXBuildFile; fileRef = FA2D795C28E55C2E0032BEC0 /* MorphableShape.swift */; };
		FA2D796028E56E1F0032BEC0 /* RecentHistoryView.swift in Sources */ = {isa = PBXBuildFile; fileRef = FA2D795F28E56E1F0032BEC0 /* RecentHistoryView.swift */; };
		FA2D796228E56E320032BEC0 /* RecentHistoryViewModel.swift in Sources */ = {isa = PBXBuildFile; fileRef = FA2D796128E56E320032BEC0 /* RecentHistoryViewModel.swift */; };
		FA2D796428E5719A0032BEC0 /* RecordValueDisplay.swift in Sources */ = {isa = PBXBuildFile; fileRef = FA2D796328E5719A0032BEC0 /* RecordValueDisplay.swift */; };
		FA2D796828E5A71D0032BEC0 /* ActivityTrackingType.swift in Sources */ = {isa = PBXBuildFile; fileRef = FA2D796728E5A71D0032BEC0 /* ActivityTrackingType.swift */; };
		FA2D796B28E5B7D90032BEC0 /* SettingsView.swift in Sources */ = {isa = PBXBuildFile; fileRef = FA2D796A28E5B7D90032BEC0 /* SettingsView.swift */; };
		FA2D796D28E5B7E50032BEC0 /* SettingsViewModel.swift in Sources */ = {isa = PBXBuildFile; fileRef = FA2D796C28E5B7E50032BEC0 /* SettingsViewModel.swift */; };
		FA2D796F28E64AED0032BEC0 /* SystemCategory.swift in Sources */ = {isa = PBXBuildFile; fileRef = FA2D796E28E64AED0032BEC0 /* SystemCategory.swift */; };
		FA2D797228E67D630032BEC0 /* CategoryListView.swift in Sources */ = {isa = PBXBuildFile; fileRef = FA2D797128E67D630032BEC0 /* CategoryListView.swift */; };
		FA2D797428E67D6F0032BEC0 /* CategoryListViewModel.swift in Sources */ = {isa = PBXBuildFile; fileRef = FA2D797328E67D6F0032BEC0 /* CategoryListViewModel.swift */; };
		FA2D797628E6A5980032BEC0 /* CategoryActivitiesView.swift in Sources */ = {isa = PBXBuildFile; fileRef = FA2D797528E6A5980032BEC0 /* CategoryActivitiesView.swift */; };
		FA2D797828E6A5A80032BEC0 /* CategoryActivitiesViewModel.swift in Sources */ = {isa = PBXBuildFile; fileRef = FA2D797728E6A5A80032BEC0 /* CategoryActivitiesViewModel.swift */; };
		FA2D797A28E7D2380032BEC0 /* WorkoutStore.swift in Sources */ = {isa = PBXBuildFile; fileRef = FA2D797928E7D2380032BEC0 /* WorkoutStore.swift */; };
		FA2D797D28E81A570032BEC0 /* Workout.swift in Sources */ = {isa = PBXBuildFile; fileRef = FA2D797C28E81A570032BEC0 /* Workout.swift */; };
		FA2D798028E81DAB0032BEC0 /* WorkoutListView.swift in Sources */ = {isa = PBXBuildFile; fileRef = FA2D797F28E81DAB0032BEC0 /* WorkoutListView.swift */; };
		FA2D798228E81DC90032BEC0 /* WorkoutListViewModel.swift in Sources */ = {isa = PBXBuildFile; fileRef = FA2D798128E81DC90032BEC0 /* WorkoutListViewModel.swift */; };
		FA2D798428E828B80032BEC0 /* WorkoutCell.swift in Sources */ = {isa = PBXBuildFile; fileRef = FA2D798328E828B80032BEC0 /* WorkoutCell.swift */; };
		FA2D798628E82B650032BEC0 /* WorkoutDetailsView.swift in Sources */ = {isa = PBXBuildFile; fileRef = FA2D798528E82B650032BEC0 /* WorkoutDetailsView.swift */; };
		FA2D798828E82B6E0032BEC0 /* WorkoutDetailsViewModel.swift in Sources */ = {isa = PBXBuildFile; fileRef = FA2D798728E82B6E0032BEC0 /* WorkoutDetailsViewModel.swift */; };
		FA2D798A28E900A00032BEC0 /* WorkoutActivityPickerView.swift in Sources */ = {isa = PBXBuildFile; fileRef = FA2D798928E900A00032BEC0 /* WorkoutActivityPickerView.swift */; };
		FA2D798C28E900E30032BEC0 /* WorkoutActivityPickerViewModel.swift in Sources */ = {isa = PBXBuildFile; fileRef = FA2D798B28E900E30032BEC0 /* WorkoutActivityPickerViewModel.swift */; };
		FA2D798E28E915E20032BEC0 /* ListTemplate.swift in Sources */ = {isa = PBXBuildFile; fileRef = FA2D798D28E915E20032BEC0 /* ListTemplate.swift */; };
		FA2D799028E92D430032BEC0 /* WorkoutEntryCell.swift in Sources */ = {isa = PBXBuildFile; fileRef = FA2D798F28E92D430032BEC0 /* WorkoutEntryCell.swift */; };
		FA2D799228E9392E0032BEC0 /* Exercise.swift in Sources */ = {isa = PBXBuildFile; fileRef = FA2D799128E9392E0032BEC0 /* Exercise.swift */; };
		FA6D958528E187C9004D4D98 /* Preview Assets.xcassets in Resources */ = {isa = PBXBuildFile; fileRef = FA6D958428E187C9004D4D98 /* Preview Assets.xcassets */; };
		FA6D958E28E18DCA004D4D98 /* ASKCore in Resources */ = {isa = PBXBuildFile; fileRef = FA6D958C28E18DCA004D4D98 /* ASKCore */; };
		FA6D958F28E18DCA004D4D98 /* ASSwiftUI in Resources */ = {isa = PBXBuildFile; fileRef = FA6D958D28E18DCA004D4D98 /* ASSwiftUI */; };
		FA6D959228E18E29004D4D98 /* Assets.xcassets in Resources */ = {isa = PBXBuildFile; fileRef = FA6D959128E18E29004D4D98 /* Assets.xcassets */; };
		FA6D959928E18E39004D4D98 /* PersonalBestApp.swift in Sources */ = {isa = PBXBuildFile; fileRef = FA6D959728E18E39004D4D98 /* PersonalBestApp.swift */; };
		FA6D959A28E18E39004D4D98 /* ContentView.swift in Sources */ = {isa = PBXBuildFile; fileRef = FA6D959828E18E39004D4D98 /* ContentView.swift */; };
		FA6D959E28E18E6F004D4D98 /* IOC.swift in Sources */ = {isa = PBXBuildFile; fileRef = FA6D959D28E18E6F004D4D98 /* IOC.swift */; };
		FA6D95A028E18F77004D4D98 /* ASKCore in Frameworks */ = {isa = PBXBuildFile; productRef = FA6D959F28E18F77004D4D98 /* ASKCore */; };
		FA6D95A228E18F77004D4D98 /* ASSwiftUI in Frameworks */ = {isa = PBXBuildFile; productRef = FA6D95A128E18F77004D4D98 /* ASSwiftUI */; };
		FA6D95A428E197E9004D4D98 /* Activity.swift in Sources */ = {isa = PBXBuildFile; fileRef = FA6D95A328E197E9004D4D98 /* Activity.swift */; };
		FA6D95A628E1A19F004D4D98 /* ActivityEntry.swift in Sources */ = {isa = PBXBuildFile; fileRef = FA6D95A528E1A19F004D4D98 /* ActivityEntry.swift */; };
		FA6D95BB28E25DC8004D4D98 /* UnitService.swift in Sources */ = {isa = PBXBuildFile; fileRef = FA6D95BA28E25DC8004D4D98 /* UnitService.swift */; };
		FA6D95BD28E2602E004D4D98 /* MeasurementType.swift in Sources */ = {isa = PBXBuildFile; fileRef = FA6D95BC28E2602E004D4D98 /* MeasurementType.swift */; };
		FA6D95BF28E270F5004D4D98 /* ActivityService.swift in Sources */ = {isa = PBXBuildFile; fileRef = FA6D95BE28E270F5004D4D98 /* ActivityService.swift */; };
		FA6D95C128E2A6A2004D4D98 /* RecordsStore.swift in Sources */ = {isa = PBXBuildFile; fileRef = FA6D95C028E2A6A2004D4D98 /* RecordsStore.swift */; };
		FA6D95C428E2AE52004D4D98 /* ActivityListView.swift in Sources */ = {isa = PBXBuildFile; fileRef = FA6D95C328E2AE52004D4D98 /* ActivityListView.swift */; };
		FA6D95C628E2AE5D004D4D98 /* ActivityListViewModel.swift in Sources */ = {isa = PBXBuildFile; fileRef = FA6D95C528E2AE5D004D4D98 /* ActivityListViewModel.swift */; };
		FAE05D8C28E2B8B200F4697E /* MainCoordinator.swift in Sources */ = {isa = PBXBuildFile; fileRef = FAE05D8B28E2B8B200F4697E /* MainCoordinator.swift */; };
		FAE05D8E28E2B8C100F4697E /* RootPath.swift in Sources */ = {isa = PBXBuildFile; fileRef = FAE05D8D28E2B8C100F4697E /* RootPath.swift */; };
		FAE05D9028E2B96C00F4697E /* ContentViewModel.swift in Sources */ = {isa = PBXBuildFile; fileRef = FAE05D8F28E2B96C00F4697E /* ContentViewModel.swift */; };
		FAE05D9328E2C0CE00F4697E /* PageTemplate.swift in Sources */ = {isa = PBXBuildFile; fileRef = FAE05D9228E2C0CE00F4697E /* PageTemplate.swift */; };
		FAE05D9528E2C24200F4697E /* ActivityCell.swift in Sources */ = {isa = PBXBuildFile; fileRef = FAE05D9428E2C24200F4697E /* ActivityCell.swift */; };
		FAE05D9728E2D84F00F4697E /* ActivityDetailsView.swift in Sources */ = {isa = PBXBuildFile; fileRef = FAE05D9628E2D84F00F4697E /* ActivityDetailsView.swift */; };
		FAE05D9928E2D87400F4697E /* ActivityDetailsViewModel.swift in Sources */ = {isa = PBXBuildFile; fileRef = FAE05D9828E2D87400F4697E /* ActivityDetailsViewModel.swift */; };
		FAE05D9C28E2DDF800F4697E /* AddEntryView.swift in Sources */ = {isa = PBXBuildFile; fileRef = FAE05D9B28E2DDF800F4697E /* AddEntryView.swift */; };
		FAE05D9E28E2DE0900F4697E /* AddEntryViewModel.swift in Sources */ = {isa = PBXBuildFile; fileRef = FAE05D9D28E2DE0900F4697E /* AddEntryViewModel.swift */; };
		FAE05DA128E3A85300F4697E /* RepsField.swift in Sources */ = {isa = PBXBuildFile; fileRef = FAE05DA028E3A85300F4697E /* RepsField.swift */; };
		FAE05DA328E3E8CE00F4697E /* DecimalField.swift in Sources */ = {isa = PBXBuildFile; fileRef = FAE05DA228E3E8CE00F4697E /* DecimalField.swift */; };
		FAE05DA528E3F8D100F4697E /* ActivityEntryCell.swift in Sources */ = {isa = PBXBuildFile; fileRef = FAE05DA428E3F8D100F4697E /* ActivityEntryCell.swift */; };
		FAE05DA828E401A000F4697E /* RecordsStoreTests.swift in Sources */ = {isa = PBXBuildFile; fileRef = FAE05DA728E401A000F4697E /* RecordsStoreTests.swift */; };
/* End PBXBuildFile section */

/* Begin PBXContainerItemProxy section */
		FA6D95B128E1AEDA004D4D98 /* PBXContainerItemProxy */ = {
			isa = PBXContainerItemProxy;
			containerPortal = FA6D957228E187C8004D4D98 /* Project object */;
			proxyType = 1;
			remoteGlobalIDString = FA6D957928E187C8004D4D98;
			remoteInfo = PersonalBest;
		};
/* End PBXContainerItemProxy section */

/* Begin PBXFileReference section */
		FA2D793C28E42D3C0032BEC0 /* UnitType.swift */ = {isa = PBXFileReference; lastKnownFileType = sourcecode.swift; path = UnitType.swift; sourceTree = "<group>"; };
		FA2D794928E521C00032BEC0 /* GraphDataGenerator.swift */ = {isa = PBXFileReference; lastKnownFileType = sourcecode.swift; path = GraphDataGenerator.swift; sourceTree = "<group>"; };
		FA2D794F28E5241A0032BEC0 /* GraphDataGeneratorTests.swift */ = {isa = PBXFileReference; lastKnownFileType = sourcecode.swift; path = GraphDataGeneratorTests.swift; sourceTree = "<group>"; };
		FA2D795128E537020032BEC0 /* ActivityBreakdown.swift */ = {isa = PBXFileReference; lastKnownFileType = sourcecode.swift; path = ActivityBreakdown.swift; sourceTree = "<group>"; };
		FA2D795428E54B090032BEC0 /* DateFormatter+Common.swift */ = {isa = PBXFileReference; lastKnownFileType = sourcecode.swift; path = "DateFormatter+Common.swift"; sourceTree = "<group>"; };
		FA2D795628E55ADA0032BEC0 /* WobbleButtonStyle.swift */ = {isa = PBXFileReference; lastKnownFileType = sourcecode.swift; path = WobbleButtonStyle.swift; sourceTree = "<group>"; };
		FA2D795828E55B790032BEC0 /* Path+Extensions.swift */ = {isa = PBXFileReference; lastKnownFileType = sourcecode.swift; path = "Path+Extensions.swift"; sourceTree = "<group>"; };
		FA2D795A28E55BC90032BEC0 /* AnimatableVector.swift */ = {isa = PBXFileReference; lastKnownFileType = sourcecode.swift; path = AnimatableVector.swift; sourceTree = "<group>"; };
		FA2D795C28E55C2E0032BEC0 /* MorphableShape.swift */ = {isa = PBXFileReference; lastKnownFileType = sourcecode.swift; path = MorphableShape.swift; sourceTree = "<group>"; };
		FA2D795F28E56E1F0032BEC0 /* RecentHistoryView.swift */ = {isa = PBXFileReference; lastKnownFileType = sourcecode.swift; path = RecentHistoryView.swift; sourceTree = "<group>"; };
		FA2D796128E56E320032BEC0 /* RecentHistoryViewModel.swift */ = {isa = PBXFileReference; lastKnownFileType = sourcecode.swift; path = RecentHistoryViewModel.swift; sourceTree = "<group>"; };
		FA2D796328E5719A0032BEC0 /* RecordValueDisplay.swift */ = {isa = PBXFileReference; lastKnownFileType = sourcecode.swift; path = RecordValueDisplay.swift; sourceTree = "<group>"; };
		FA2D796728E5A71D0032BEC0 /* ActivityTrackingType.swift */ = {isa = PBXFileReference; lastKnownFileType = sourcecode.swift; path = ActivityTrackingType.swift; sourceTree = "<group>"; };
		FA2D796A28E5B7D90032BEC0 /* SettingsView.swift */ = {isa = PBXFileReference; lastKnownFileType = sourcecode.swift; path = SettingsView.swift; sourceTree = "<group>"; };
		FA2D796C28E5B7E50032BEC0 /* SettingsViewModel.swift */ = {isa = PBXFileReference; lastKnownFileType = sourcecode.swift; path = SettingsViewModel.swift; sourceTree = "<group>"; };
		FA2D796E28E64AED0032BEC0 /* SystemCategory.swift */ = {isa = PBXFileReference; lastKnownFileType = sourcecode.swift; path = SystemCategory.swift; sourceTree = "<group>"; };
		FA2D797128E67D630032BEC0 /* CategoryListView.swift */ = {isa = PBXFileReference; lastKnownFileType = sourcecode.swift; path = CategoryListView.swift; sourceTree = "<group>"; };
		FA2D797328E67D6F0032BEC0 /* CategoryListViewModel.swift */ = {isa = PBXFileReference; lastKnownFileType = sourcecode.swift; path = CategoryListViewModel.swift; sourceTree = "<group>"; };
		FA2D797528E6A5980032BEC0 /* CategoryActivitiesView.swift */ = {isa = PBXFileReference; lastKnownFileType = sourcecode.swift; path = CategoryActivitiesView.swift; sourceTree = "<group>"; };
		FA2D797728E6A5A80032BEC0 /* CategoryActivitiesViewModel.swift */ = {isa = PBXFileReference; lastKnownFileType = sourcecode.swift; path = CategoryActivitiesViewModel.swift; sourceTree = "<group>"; };
		FA2D797928E7D2380032BEC0 /* WorkoutStore.swift */ = {isa = PBXFileReference; lastKnownFileType = sourcecode.swift; path = WorkoutStore.swift; sourceTree = "<group>"; };
		FA2D797C28E81A570032BEC0 /* Workout.swift */ = {isa = PBXFileReference; lastKnownFileType = sourcecode.swift; path = Workout.swift; sourceTree = "<group>"; };
		FA2D797F28E81DAB0032BEC0 /* WorkoutListView.swift */ = {isa = PBXFileReference; lastKnownFileType = sourcecode.swift; path = WorkoutListView.swift; sourceTree = "<group>"; };
		FA2D798128E81DC90032BEC0 /* WorkoutListViewModel.swift */ = {isa = PBXFileReference; lastKnownFileType = sourcecode.swift; path = WorkoutListViewModel.swift; sourceTree = "<group>"; };
		FA2D798328E828B80032BEC0 /* WorkoutCell.swift */ = {isa = PBXFileReference; lastKnownFileType = sourcecode.swift; path = WorkoutCell.swift; sourceTree = "<group>"; };
		FA2D798528E82B650032BEC0 /* WorkoutDetailsView.swift */ = {isa = PBXFileReference; lastKnownFileType = sourcecode.swift; path = WorkoutDetailsView.swift; sourceTree = "<group>"; };
		FA2D798728E82B6E0032BEC0 /* WorkoutDetailsViewModel.swift */ = {isa = PBXFileReference; lastKnownFileType = sourcecode.swift; path = WorkoutDetailsViewModel.swift; sourceTree = "<group>"; };
		FA2D798928E900A00032BEC0 /* WorkoutActivityPickerView.swift */ = {isa = PBXFileReference; lastKnownFileType = sourcecode.swift; path = WorkoutActivityPickerView.swift; sourceTree = "<group>"; };
		FA2D798B28E900E30032BEC0 /* WorkoutActivityPickerViewModel.swift */ = {isa = PBXFileReference; lastKnownFileType = sourcecode.swift; path = WorkoutActivityPickerViewModel.swift; sourceTree = "<group>"; };
		FA2D798D28E915E20032BEC0 /* ListTemplate.swift */ = {isa = PBXFileReference; lastKnownFileType = sourcecode.swift; path = ListTemplate.swift; sourceTree = "<group>"; };
		FA2D798F28E92D430032BEC0 /* WorkoutEntryCell.swift */ = {isa = PBXFileReference; lastKnownFileType = sourcecode.swift; path = WorkoutEntryCell.swift; sourceTree = "<group>"; };
		FA2D799128E9392E0032BEC0 /* Exercise.swift */ = {isa = PBXFileReference; lastKnownFileType = sourcecode.swift; path = Exercise.swift; sourceTree = "<group>"; };
		FA6D957A28E187C8004D4D98 /* PersonalBest.app */ = {isa = PBXFileReference; explicitFileType = wrapper.application; includeInIndex = 0; path = PersonalBest.app; sourceTree = BUILT_PRODUCTS_DIR; };
		FA6D958428E187C9004D4D98 /* Preview Assets.xcassets */ = {isa = PBXFileReference; lastKnownFileType = folder.assetcatalog; path = "Preview Assets.xcassets"; sourceTree = "<group>"; };
		FA6D958C28E18DCA004D4D98 /* ASKCore */ = {isa = PBXFileReference; lastKnownFileType = wrapper; path = ASKCore; sourceTree = "<group>"; };
		FA6D958D28E18DCA004D4D98 /* ASSwiftUI */ = {isa = PBXFileReference; lastKnownFileType = wrapper; path = ASSwiftUI; sourceTree = "<group>"; };
		FA6D959128E18E29004D4D98 /* Assets.xcassets */ = {isa = PBXFileReference; lastKnownFileType = folder.assetcatalog; path = Assets.xcassets; sourceTree = "<group>"; };
		FA6D959728E18E39004D4D98 /* PersonalBestApp.swift */ = {isa = PBXFileReference; fileEncoding = 4; lastKnownFileType = sourcecode.swift; path = PersonalBestApp.swift; sourceTree = "<group>"; };
		FA6D959828E18E39004D4D98 /* ContentView.swift */ = {isa = PBXFileReference; fileEncoding = 4; lastKnownFileType = sourcecode.swift; path = ContentView.swift; sourceTree = "<group>"; };
		FA6D959D28E18E6F004D4D98 /* IOC.swift */ = {isa = PBXFileReference; lastKnownFileType = sourcecode.swift; path = IOC.swift; sourceTree = "<group>"; };
		FA6D95A328E197E9004D4D98 /* Activity.swift */ = {isa = PBXFileReference; lastKnownFileType = sourcecode.swift; path = Activity.swift; sourceTree = "<group>"; };
		FA6D95A528E1A19F004D4D98 /* ActivityEntry.swift */ = {isa = PBXFileReference; lastKnownFileType = sourcecode.swift; path = ActivityEntry.swift; sourceTree = "<group>"; };
		FA6D95AD28E1AEDA004D4D98 /* PersonalBestTests.xctest */ = {isa = PBXFileReference; explicitFileType = wrapper.cfbundle; includeInIndex = 0; path = PersonalBestTests.xctest; sourceTree = BUILT_PRODUCTS_DIR; };
		FA6D95BA28E25DC8004D4D98 /* UnitService.swift */ = {isa = PBXFileReference; lastKnownFileType = sourcecode.swift; path = UnitService.swift; sourceTree = "<group>"; };
		FA6D95BC28E2602E004D4D98 /* MeasurementType.swift */ = {isa = PBXFileReference; lastKnownFileType = sourcecode.swift; path = MeasurementType.swift; sourceTree = "<group>"; };
		FA6D95BE28E270F5004D4D98 /* ActivityService.swift */ = {isa = PBXFileReference; lastKnownFileType = sourcecode.swift; path = ActivityService.swift; sourceTree = "<group>"; };
		FA6D95C028E2A6A2004D4D98 /* RecordsStore.swift */ = {isa = PBXFileReference; lastKnownFileType = sourcecode.swift; path = RecordsStore.swift; sourceTree = "<group>"; };
		FA6D95C328E2AE52004D4D98 /* ActivityListView.swift */ = {isa = PBXFileReference; lastKnownFileType = sourcecode.swift; path = ActivityListView.swift; sourceTree = "<group>"; };
		FA6D95C528E2AE5D004D4D98 /* ActivityListViewModel.swift */ = {isa = PBXFileReference; lastKnownFileType = sourcecode.swift; path = ActivityListViewModel.swift; sourceTree = "<group>"; };
		FAE05D8B28E2B8B200F4697E /* MainCoordinator.swift */ = {isa = PBXFileReference; lastKnownFileType = sourcecode.swift; path = MainCoordinator.swift; sourceTree = "<group>"; };
		FAE05D8D28E2B8C100F4697E /* RootPath.swift */ = {isa = PBXFileReference; lastKnownFileType = sourcecode.swift; path = RootPath.swift; sourceTree = "<group>"; };
		FAE05D8F28E2B96C00F4697E /* ContentViewModel.swift */ = {isa = PBXFileReference; lastKnownFileType = sourcecode.swift; path = ContentViewModel.swift; sourceTree = "<group>"; };
		FAE05D9228E2C0CE00F4697E /* PageTemplate.swift */ = {isa = PBXFileReference; fileEncoding = 4; lastKnownFileType = sourcecode.swift; path = PageTemplate.swift; sourceTree = "<group>"; };
		FAE05D9428E2C24200F4697E /* ActivityCell.swift */ = {isa = PBXFileReference; lastKnownFileType = sourcecode.swift; path = ActivityCell.swift; sourceTree = "<group>"; };
		FAE05D9628E2D84F00F4697E /* ActivityDetailsView.swift */ = {isa = PBXFileReference; lastKnownFileType = sourcecode.swift; path = ActivityDetailsView.swift; sourceTree = "<group>"; };
		FAE05D9828E2D87400F4697E /* ActivityDetailsViewModel.swift */ = {isa = PBXFileReference; lastKnownFileType = sourcecode.swift; path = ActivityDetailsViewModel.swift; sourceTree = "<group>"; };
		FAE05D9B28E2DDF800F4697E /* AddEntryView.swift */ = {isa = PBXFileReference; lastKnownFileType = sourcecode.swift; path = AddEntryView.swift; sourceTree = "<group>"; };
		FAE05D9D28E2DE0900F4697E /* AddEntryViewModel.swift */ = {isa = PBXFileReference; lastKnownFileType = sourcecode.swift; path = AddEntryViewModel.swift; sourceTree = "<group>"; };
		FAE05DA028E3A85300F4697E /* RepsField.swift */ = {isa = PBXFileReference; lastKnownFileType = sourcecode.swift; path = RepsField.swift; sourceTree = "<group>"; };
		FAE05DA228E3E8CE00F4697E /* DecimalField.swift */ = {isa = PBXFileReference; lastKnownFileType = sourcecode.swift; path = DecimalField.swift; sourceTree = "<group>"; };
		FAE05DA428E3F8D100F4697E /* ActivityEntryCell.swift */ = {isa = PBXFileReference; lastKnownFileType = sourcecode.swift; path = ActivityEntryCell.swift; sourceTree = "<group>"; };
		FAE05DA728E401A000F4697E /* RecordsStoreTests.swift */ = {isa = PBXFileReference; lastKnownFileType = sourcecode.swift; path = RecordsStoreTests.swift; sourceTree = "<group>"; };
/* End PBXFileReference section */

/* Begin PBXFrameworksBuildPhase section */
		FA6D957728E187C8004D4D98 /* Frameworks */ = {
			isa = PBXFrameworksBuildPhase;
			buildActionMask = 2147483647;
			files = (
				FA6D95A228E18F77004D4D98 /* ASSwiftUI in Frameworks */,
				FA6D95A028E18F77004D4D98 /* ASKCore in Frameworks */,
			);
			runOnlyForDeploymentPostprocessing = 0;
		};
		FA6D95AA28E1AEDA004D4D98 /* Frameworks */ = {
			isa = PBXFrameworksBuildPhase;
			buildActionMask = 2147483647;
			files = (
			);
			runOnlyForDeploymentPostprocessing = 0;
		};
/* End PBXFrameworksBuildPhase section */

/* Begin PBXGroup section */
		FA2D794828E521BA0032BEC0 /* Graph */ = {
			isa = PBXGroup;
			children = (
				FA2D794928E521C00032BEC0 /* GraphDataGenerator.swift */,
			);
			path = Graph;
			sourceTree = "<group>";
		};
		FA2D794D28E5240A0032BEC0 /* Service */ = {
			isa = PBXGroup;
			children = (
				FA2D794E28E524110032BEC0 /* Graph */,
			);
			path = Service;
			sourceTree = "<group>";
		};
		FA2D794E28E524110032BEC0 /* Graph */ = {
			isa = PBXGroup;
			children = (
				FA2D794F28E5241A0032BEC0 /* GraphDataGeneratorTests.swift */,
			);
			path = Graph;
			sourceTree = "<group>";
		};
		FA2D795328E54ADD0032BEC0 /* Constants */ = {
			isa = PBXGroup;
			children = (
				FA2D795428E54B090032BEC0 /* DateFormatter+Common.swift */,
			);
			path = Constants;
			sourceTree = "<group>";
		};
		FA2D795E28E56E190032BEC0 /* Recent */ = {
			isa = PBXGroup;
			children = (
				FA2D795F28E56E1F0032BEC0 /* RecentHistoryView.swift */,
				FA2D796128E56E320032BEC0 /* RecentHistoryViewModel.swift */,
			);
			path = Recent;
			sourceTree = "<group>";
		};
		FA2D796928E5B7D20032BEC0 /* Settings */ = {
			isa = PBXGroup;
			children = (
				FA2D796A28E5B7D90032BEC0 /* SettingsView.swift */,
				FA2D796C28E5B7E50032BEC0 /* SettingsViewModel.swift */,
			);
			path = Settings;
			sourceTree = "<group>";
		};
		FA2D797028E67D5C0032BEC0 /* Category */ = {
			isa = PBXGroup;
			children = (
				FA2D797128E67D630032BEC0 /* CategoryListView.swift */,
				FA2D797328E67D6F0032BEC0 /* CategoryListViewModel.swift */,
				FA2D797528E6A5980032BEC0 /* CategoryActivitiesView.swift */,
				FA2D797728E6A5A80032BEC0 /* CategoryActivitiesViewModel.swift */,
			);
			path = Category;
			sourceTree = "<group>";
		};
		FA2D797B28E817E60032BEC0 /* Workout */ = {
			isa = PBXGroup;
			children = (
				FA2D797C28E81A570032BEC0 /* Workout.swift */,
				FA2D799128E9392E0032BEC0 /* Exercise.swift */,
			);
			path = Workout;
			sourceTree = "<group>";
		};
		FA2D797E28E81D940032BEC0 /* Workout */ = {
			isa = PBXGroup;
			children = (
				FA2D797F28E81DAB0032BEC0 /* WorkoutListView.swift */,
				FA2D798128E81DC90032BEC0 /* WorkoutListViewModel.swift */,
				FA2D798328E828B80032BEC0 /* WorkoutCell.swift */,
				FA2D798528E82B650032BEC0 /* WorkoutDetailsView.swift */,
				FA2D798728E82B6E0032BEC0 /* WorkoutDetailsViewModel.swift */,
				FA2D798928E900A00032BEC0 /* WorkoutActivityPickerView.swift */,
				FA2D798B28E900E30032BEC0 /* WorkoutActivityPickerViewModel.swift */,
				FA2D798F28E92D430032BEC0 /* WorkoutEntryCell.swift */,
			);
			path = Workout;
			sourceTree = "<group>";
		};
		FA6D957128E187C8004D4D98 = {
			isa = PBXGroup;
			children = (
				FA6D958B28E18DCA004D4D98 /* Frameworks */,
				FA6D957C28E187C8004D4D98 /* PersonalBest */,
				FA6D95AE28E1AEDA004D4D98 /* PersonalBestTests */,
				FA6D957B28E187C8004D4D98 /* Products */,
			);
			sourceTree = "<group>";
		};
		FA6D957B28E187C8004D4D98 /* Products */ = {
			isa = PBXGroup;
			children = (
				FA6D957A28E187C8004D4D98 /* PersonalBest.app */,
				FA6D95AD28E1AEDA004D4D98 /* PersonalBestTests.xctest */,
			);
			name = Products;
			sourceTree = "<group>";
		};
		FA6D957C28E187C8004D4D98 /* PersonalBest */ = {
			isa = PBXGroup;
			children = (
				FAE05D8A28E2B8AD00F4697E /* Coordinator */,
				FA6D959B28E18E44004D4D98 /* Model */,
				FA6D959028E18E29004D4D98 /* Resource */,
				FA6D959528E18E39004D4D98 /* Scene */,
				FA6D959328E18E39004D4D98 /* Service */,
				FA6D959428E18E39004D4D98 /* Store */,
				FAE05D9128E2C0CE00F4697E /* Theme */,
				FA6D958328E187C9004D4D98 /* Preview Content */,
			);
			path = PersonalBest;
			sourceTree = "<group>";
		};
		FA6D958328E187C9004D4D98 /* Preview Content */ = {
			isa = PBXGroup;
			children = (
				FA6D958428E187C9004D4D98 /* Preview Assets.xcassets */,
			);
			path = "Preview Content";
			sourceTree = "<group>";
		};
		FA6D958B28E18DCA004D4D98 /* Frameworks */ = {
			isa = PBXGroup;
			children = (
				FA6D958C28E18DCA004D4D98 /* ASKCore */,
				FA6D958D28E18DCA004D4D98 /* ASSwiftUI */,
			);
			path = Frameworks;
			sourceTree = "<group>";
		};
		FA6D959028E18E29004D4D98 /* Resource */ = {
			isa = PBXGroup;
			children = (
				FA6D959128E18E29004D4D98 /* Assets.xcassets */,
			);
			path = Resource;
			sourceTree = "<group>";
		};
		FA6D959328E18E39004D4D98 /* Service */ = {
			isa = PBXGroup;
			children = (
				FA2D794828E521BA0032BEC0 /* Graph */,
				FA6D95B928E25DC3004D4D98 /* Unit */,
				FA6D959C28E18E68004D4D98 /* App */,
			);
			path = Service;
			sourceTree = "<group>";
		};
		FA6D959428E18E39004D4D98 /* Store */ = {
			isa = PBXGroup;
			children = (
				FA6D95C028E2A6A2004D4D98 /* RecordsStore.swift */,
				FA2D797928E7D2380032BEC0 /* WorkoutStore.swift */,
			);
			path = Store;
			sourceTree = "<group>";
		};
		FA6D959528E18E39004D4D98 /* Scene */ = {
			isa = PBXGroup;
			children = (
				FA6D95C228E2AE4C004D4D98 /* Activity */,
				FA6D959628E18E39004D4D98 /* App */,
				FA2D797028E67D5C0032BEC0 /* Category */,
				FAE05D9F28E3A82200F4697E /* Components */,
				FAE05D9A28E2DDED00F4697E /* Entry */,
				FA2D795E28E56E190032BEC0 /* Recent */,
				FA2D796928E5B7D20032BEC0 /* Settings */,
				FA2D797E28E81D940032BEC0 /* Workout */,
			);
			path = Scene;
			sourceTree = "<group>";
		};
		FA6D959628E18E39004D4D98 /* App */ = {
			isa = PBXGroup;
			children = (
				FA6D959728E18E39004D4D98 /* PersonalBestApp.swift */,
				FA6D959828E18E39004D4D98 /* ContentView.swift */,
				FAE05D8F28E2B96C00F4697E /* ContentViewModel.swift */,
			);
			path = App;
			sourceTree = "<group>";
		};
		FA6D959B28E18E44004D4D98 /* Model */ = {
			isa = PBXGroup;
			children = (
				FA2D797B28E817E60032BEC0 /* Workout */,
				FA2D795328E54ADD0032BEC0 /* Constants */,
				FA6D95A328E197E9004D4D98 /* Activity.swift */,
				FA6D95A528E1A19F004D4D98 /* ActivityEntry.swift */,
				FA6D95BC28E2602E004D4D98 /* MeasurementType.swift */,
				FA2D793C28E42D3C0032BEC0 /* UnitType.swift */,
				FA2D795128E537020032BEC0 /* ActivityBreakdown.swift */,
				FA2D796728E5A71D0032BEC0 /* ActivityTrackingType.swift */,
				FA2D796E28E64AED0032BEC0 /* SystemCategory.swift */,
			);
			path = Model;
			sourceTree = "<group>";
		};
		FA6D959C28E18E68004D4D98 /* App */ = {
			isa = PBXGroup;
			children = (
				FA6D959D28E18E6F004D4D98 /* IOC.swift */,
			);
			path = App;
			sourceTree = "<group>";
		};
		FA6D95AE28E1AEDA004D4D98 /* PersonalBestTests */ = {
			isa = PBXGroup;
			children = (
				FA2D794D28E5240A0032BEC0 /* Service */,
				FAE05DA628E4019700F4697E /* Store */,
				FA6D95B628E1AEEA004D4D98 /* Model */,
			);
			path = PersonalBestTests;
			sourceTree = "<group>";
		};
		FA6D95B628E1AEEA004D4D98 /* Model */ = {
			isa = PBXGroup;
			children = (
			);
			path = Model;
			sourceTree = "<group>";
		};
		FA6D95B928E25DC3004D4D98 /* Unit */ = {
			isa = PBXGroup;
			children = (
				FA6D95BA28E25DC8004D4D98 /* UnitService.swift */,
				FA6D95BE28E270F5004D4D98 /* ActivityService.swift */,
			);
			path = Unit;
			sourceTree = "<group>";
		};
		FA6D95C228E2AE4C004D4D98 /* Activity */ = {
			isa = PBXGroup;
			children = (
				FA6D95C328E2AE52004D4D98 /* ActivityListView.swift */,
				FA6D95C528E2AE5D004D4D98 /* ActivityListViewModel.swift */,
				FAE05D9428E2C24200F4697E /* ActivityCell.swift */,
				FAE05D9628E2D84F00F4697E /* ActivityDetailsView.swift */,
				FAE05D9828E2D87400F4697E /* ActivityDetailsViewModel.swift */,
				FAE05DA428E3F8D100F4697E /* ActivityEntryCell.swift */,
			);
			path = Activity;
			sourceTree = "<group>";
		};
		FAE05D8A28E2B8AD00F4697E /* Coordinator */ = {
			isa = PBXGroup;
			children = (
				FAE05D8B28E2B8B200F4697E /* MainCoordinator.swift */,
				FAE05D8D28E2B8C100F4697E /* RootPath.swift */,
			);
			path = Coordinator;
			sourceTree = "<group>";
		};
		FAE05D9128E2C0CE00F4697E /* Theme */ = {
			isa = PBXGroup;
			children = (
				FAE05D9228E2C0CE00F4697E /* PageTemplate.swift */,
				FA2D795628E55ADA0032BEC0 /* WobbleButtonStyle.swift */,
				FA2D795828E55B790032BEC0 /* Path+Extensions.swift */,
				FA2D795A28E55BC90032BEC0 /* AnimatableVector.swift */,
				FA2D795C28E55C2E0032BEC0 /* MorphableShape.swift */,
				FA2D798D28E915E20032BEC0 /* ListTemplate.swift */,
			);
			name = Theme;
			path = PersonalBest/Theme;
			sourceTree = SOURCE_ROOT;
		};
		FAE05D9A28E2DDED00F4697E /* Entry */ = {
			isa = PBXGroup;
			children = (
				FAE05D9B28E2DDF800F4697E /* AddEntryView.swift */,
				FAE05D9D28E2DE0900F4697E /* AddEntryViewModel.swift */,
			);
			path = Entry;
			sourceTree = "<group>";
		};
		FAE05D9F28E3A82200F4697E /* Components */ = {
			isa = PBXGroup;
			children = (
				FAE05DA028E3A85300F4697E /* RepsField.swift */,
				FAE05DA228E3E8CE00F4697E /* DecimalField.swift */,
				FA2D796328E5719A0032BEC0 /* RecordValueDisplay.swift */,
			);
			path = Components;
			sourceTree = "<group>";
		};
		FAE05DA628E4019700F4697E /* Store */ = {
			isa = PBXGroup;
			children = (
				FAE05DA728E401A000F4697E /* RecordsStoreTests.swift */,
			);
			path = Store;
			sourceTree = "<group>";
		};
/* End PBXGroup section */

/* Begin PBXNativeTarget section */
		FA6D957928E187C8004D4D98 /* PersonalBest */ = {
			isa = PBXNativeTarget;
			buildConfigurationList = FA6D958828E187C9004D4D98 /* Build configuration list for PBXNativeTarget "PersonalBest" */;
			buildPhases = (
				FA6D957628E187C8004D4D98 /* Sources */,
				FA6D957728E187C8004D4D98 /* Frameworks */,
				FA6D957828E187C8004D4D98 /* Resources */,
			);
			buildRules = (
			);
			dependencies = (
			);
			name = PersonalBest;
			packageProductDependencies = (
				FA6D959F28E18F77004D4D98 /* ASKCore */,
				FA6D95A128E18F77004D4D98 /* ASSwiftUI */,
			);
			productName = PersonalBest;
			productReference = FA6D957A28E187C8004D4D98 /* PersonalBest.app */;
			productType = "com.apple.product-type.application";
		};
		FA6D95AC28E1AEDA004D4D98 /* PersonalBestTests */ = {
			isa = PBXNativeTarget;
			buildConfigurationList = FA6D95B328E1AEDA004D4D98 /* Build configuration list for PBXNativeTarget "PersonalBestTests" */;
			buildPhases = (
				FA6D95A928E1AEDA004D4D98 /* Sources */,
				FA6D95AA28E1AEDA004D4D98 /* Frameworks */,
				FA6D95AB28E1AEDA004D4D98 /* Resources */,
			);
			buildRules = (
			);
			dependencies = (
				FA6D95B228E1AEDA004D4D98 /* PBXTargetDependency */,
			);
			name = PersonalBestTests;
			productName = PersonalBestTests;
			productReference = FA6D95AD28E1AEDA004D4D98 /* PersonalBestTests.xctest */;
			productType = "com.apple.product-type.bundle.unit-test";
		};
/* End PBXNativeTarget section */

/* Begin PBXProject section */
		FA6D957228E187C8004D4D98 /* Project object */ = {
			isa = PBXProject;
			attributes = {
				BuildIndependentTargetsInParallel = 1;
				LastSwiftUpdateCheck = 1400;
				LastUpgradeCheck = 1400;
				TargetAttributes = {
					FA6D957928E187C8004D4D98 = {
						CreatedOnToolsVersion = 14.0;
					};
					FA6D95AC28E1AEDA004D4D98 = {
						CreatedOnToolsVersion = 14.0;
						TestTargetID = FA6D957928E187C8004D4D98;
					};
				};
			};
			buildConfigurationList = FA6D957528E187C8004D4D98 /* Build configuration list for PBXProject "PersonalBest" */;
			compatibilityVersion = "Xcode 14.0";
			developmentRegion = en;
			hasScannedForEncodings = 0;
			knownRegions = (
				en,
				Base,
			);
			mainGroup = FA6D957128E187C8004D4D98;
			packageReferences = (
			);
			productRefGroup = FA6D957B28E187C8004D4D98 /* Products */;
			projectDirPath = "";
			projectRoot = "";
			targets = (
				FA6D957928E187C8004D4D98 /* PersonalBest */,
				FA6D95AC28E1AEDA004D4D98 /* PersonalBestTests */,
			);
		};
/* End PBXProject section */

/* Begin PBXResourcesBuildPhase section */
		FA6D957828E187C8004D4D98 /* Resources */ = {
			isa = PBXResourcesBuildPhase;
			buildActionMask = 2147483647;
			files = (
				FA6D958F28E18DCA004D4D98 /* ASSwiftUI in Resources */,
				FA6D958E28E18DCA004D4D98 /* ASKCore in Resources */,
				FA6D958528E187C9004D4D98 /* Preview Assets.xcassets in Resources */,
				FA6D959228E18E29004D4D98 /* Assets.xcassets in Resources */,
			);
			runOnlyForDeploymentPostprocessing = 0;
		};
		FA6D95AB28E1AEDA004D4D98 /* Resources */ = {
			isa = PBXResourcesBuildPhase;
			buildActionMask = 2147483647;
			files = (
			);
			runOnlyForDeploymentPostprocessing = 0;
		};
/* End PBXResourcesBuildPhase section */

/* Begin PBXSourcesBuildPhase section */
		FA6D957628E187C8004D4D98 /* Sources */ = {
			isa = PBXSourcesBuildPhase;
			buildActionMask = 2147483647;
			files = (
				FA2D796828E5A71D0032BEC0 /* ActivityTrackingType.swift in Sources */,
				FA2D796028E56E1F0032BEC0 /* RecentHistoryView.swift in Sources */,
				FA2D798A28E900A00032BEC0 /* WorkoutActivityPickerView.swift in Sources */,
				FA2D795728E55ADA0032BEC0 /* WobbleButtonStyle.swift in Sources */,
				FA6D95C128E2A6A2004D4D98 /* RecordsStore.swift in Sources */,
				FA2D798428E828B80032BEC0 /* WorkoutCell.swift in Sources */,
				FA2D797428E67D6F0032BEC0 /* CategoryListViewModel.swift in Sources */,
				FA2D797828E6A5A80032BEC0 /* CategoryActivitiesViewModel.swift in Sources */,
				FAE05D8C28E2B8B200F4697E /* MainCoordinator.swift in Sources */,
				FA2D795D28E55C2E0032BEC0 /* MorphableShape.swift in Sources */,
				FA2D799028E92D430032BEC0 /* WorkoutEntryCell.swift in Sources */,
				FAE05D9728E2D84F00F4697E /* ActivityDetailsView.swift in Sources */,
				FAE05D9328E2C0CE00F4697E /* PageTemplate.swift in Sources */,
				FA2D797628E6A5980032BEC0 /* CategoryActivitiesView.swift in Sources */,
				FAE05D9928E2D87400F4697E /* ActivityDetailsViewModel.swift in Sources */,
				FA6D95C428E2AE52004D4D98 /* ActivityListView.swift in Sources */,
				FA6D95BD28E2602E004D4D98 /* MeasurementType.swift in Sources */,
				FA2D799228E9392E0032BEC0 /* Exercise.swift in Sources */,
				FA2D798628E82B650032BEC0 /* WorkoutDetailsView.swift in Sources */,
				FA2D795928E55B790032BEC0 /* Path+Extensions.swift in Sources */,
				FA2D798C28E900E30032BEC0 /* WorkoutActivityPickerViewModel.swift in Sources */,
				FA6D95BF28E270F5004D4D98 /* ActivityService.swift in Sources */,
				FA2D796D28E5B7E50032BEC0 /* SettingsViewModel.swift in Sources */,
				FA2D794A28E521C00032BEC0 /* GraphDataGenerator.swift in Sources */,
				FA6D959A28E18E39004D4D98 /* ContentView.swift in Sources */,
				FA2D796428E5719A0032BEC0 /* RecordValueDisplay.swift in Sources */,
				FAE05D8E28E2B8C100F4697E /* RootPath.swift in Sources */,
				FA2D797228E67D630032BEC0 /* CategoryListView.swift in Sources */,
				FA6D95BB28E25DC8004D4D98 /* UnitService.swift in Sources */,
				FA2D795228E537020032BEC0 /* ActivityBreakdown.swift in Sources */,
				FA2D797A28E7D2380032BEC0 /* WorkoutStore.swift in Sources */,
				FA6D95A628E1A19F004D4D98 /* ActivityEntry.swift in Sources */,
				FAE05DA528E3F8D100F4697E /* ActivityEntryCell.swift in Sources */,
				FA2D798828E82B6E0032BEC0 /* WorkoutDetailsViewModel.swift in Sources */,
				FA2D796B28E5B7D90032BEC0 /* SettingsView.swift in Sources */,
				FAE05D9528E2C24200F4697E /* ActivityCell.swift in Sources */,
				FAE05D9E28E2DE0900F4697E /* AddEntryViewModel.swift in Sources */,
				FAE05D9C28E2DDF800F4697E /* AddEntryView.swift in Sources */,
				FA6D959E28E18E6F004D4D98 /* IOC.swift in Sources */,
				FA2D798028E81DAB0032BEC0 /* WorkoutListView.swift in Sources */,
				FAE05D9028E2B96C00F4697E /* ContentViewModel.swift in Sources */,
				FA2D796F28E64AED0032BEC0 /* SystemCategory.swift in Sources */,
				FA2D795B28E55BC90032BEC0 /* AnimatableVector.swift in Sources */,
				FA6D95A428E197E9004D4D98 /* Activity.swift in Sources */,
				FAE05DA128E3A85300F4697E /* RepsField.swift in Sources */,
				FA2D798228E81DC90032BEC0 /* WorkoutListViewModel.swift in Sources */,
				FA2D795528E54B090032BEC0 /* DateFormatter+Common.swift in Sources */,
				FA2D798E28E915E20032BEC0 /* ListTemplate.swift in Sources */,
				FA2D793D28E42D3C0032BEC0 /* UnitType.swift in Sources */,
				FA2D797D28E81A570032BEC0 /* Workout.swift in Sources */,
				FA6D959928E18E39004D4D98 /* PersonalBestApp.swift in Sources */,
				FAE05DA328E3E8CE00F4697E /* DecimalField.swift in Sources */,
				FA6D95C628E2AE5D004D4D98 /* ActivityListViewModel.swift in Sources */,
				FA2D796228E56E320032BEC0 /* RecentHistoryViewModel.swift in Sources */,
			);
			runOnlyForDeploymentPostprocessing = 0;
		};
		FA6D95A928E1AEDA004D4D98 /* Sources */ = {
			isa = PBXSourcesBuildPhase;
			buildActionMask = 2147483647;
			files = (
				FAE05DA828E401A000F4697E /* RecordsStoreTests.swift in Sources */,
				FA2D795028E5241A0032BEC0 /* GraphDataGeneratorTests.swift in Sources */,
			);
			runOnlyForDeploymentPostprocessing = 0;
		};
/* End PBXSourcesBuildPhase section */

/* Begin PBXTargetDependency section */
		FA6D95B228E1AEDA004D4D98 /* PBXTargetDependency */ = {
			isa = PBXTargetDependency;
			target = FA6D957928E187C8004D4D98 /* PersonalBest */;
			targetProxy = FA6D95B128E1AEDA004D4D98 /* PBXContainerItemProxy */;
		};
/* End PBXTargetDependency section */

/* Begin XCBuildConfiguration section */
		FA6D958628E187C9004D4D98 /* Debug */ = {
			isa = XCBuildConfiguration;
			buildSettings = {
				ALWAYS_SEARCH_USER_PATHS = NO;
				CLANG_ANALYZER_NONNULL = YES;
				CLANG_ANALYZER_NUMBER_OBJECT_CONVERSION = YES_AGGRESSIVE;
				CLANG_CXX_LANGUAGE_STANDARD = "gnu++20";
				CLANG_ENABLE_MODULES = YES;
				CLANG_ENABLE_OBJC_ARC = YES;
				CLANG_ENABLE_OBJC_WEAK = YES;
				CLANG_WARN_BLOCK_CAPTURE_AUTORELEASING = YES;
				CLANG_WARN_BOOL_CONVERSION = YES;
				CLANG_WARN_COMMA = YES;
				CLANG_WARN_CONSTANT_CONVERSION = YES;
				CLANG_WARN_DEPRECATED_OBJC_IMPLEMENTATIONS = YES;
				CLANG_WARN_DIRECT_OBJC_ISA_USAGE = YES_ERROR;
				CLANG_WARN_DOCUMENTATION_COMMENTS = YES;
				CLANG_WARN_EMPTY_BODY = YES;
				CLANG_WARN_ENUM_CONVERSION = YES;
				CLANG_WARN_INFINITE_RECURSION = YES;
				CLANG_WARN_INT_CONVERSION = YES;
				CLANG_WARN_NON_LITERAL_NULL_CONVERSION = YES;
				CLANG_WARN_OBJC_IMPLICIT_RETAIN_SELF = YES;
				CLANG_WARN_OBJC_LITERAL_CONVERSION = YES;
				CLANG_WARN_OBJC_ROOT_CLASS = YES_ERROR;
				CLANG_WARN_QUOTED_INCLUDE_IN_FRAMEWORK_HEADER = YES;
				CLANG_WARN_RANGE_LOOP_ANALYSIS = YES;
				CLANG_WARN_STRICT_PROTOTYPES = YES;
				CLANG_WARN_SUSPICIOUS_MOVE = YES;
				CLANG_WARN_UNGUARDED_AVAILABILITY = YES_AGGRESSIVE;
				CLANG_WARN_UNREACHABLE_CODE = YES;
				CLANG_WARN__DUPLICATE_METHOD_MATCH = YES;
				COPY_PHASE_STRIP = NO;
				DEBUG_INFORMATION_FORMAT = dwarf;
				ENABLE_STRICT_OBJC_MSGSEND = YES;
				ENABLE_TESTABILITY = YES;
				GCC_C_LANGUAGE_STANDARD = gnu11;
				GCC_DYNAMIC_NO_PIC = NO;
				GCC_NO_COMMON_BLOCKS = YES;
				GCC_OPTIMIZATION_LEVEL = 0;
				GCC_PREPROCESSOR_DEFINITIONS = (
					"DEBUG=1",
					"$(inherited)",
				);
				GCC_WARN_64_TO_32_BIT_CONVERSION = YES;
				GCC_WARN_ABOUT_RETURN_TYPE = YES_ERROR;
				GCC_WARN_UNDECLARED_SELECTOR = YES;
				GCC_WARN_UNINITIALIZED_AUTOS = YES_AGGRESSIVE;
				GCC_WARN_UNUSED_FUNCTION = YES;
				GCC_WARN_UNUSED_VARIABLE = YES;
				IPHONEOS_DEPLOYMENT_TARGET = 16.0;
				MTL_ENABLE_DEBUG_INFO = INCLUDE_SOURCE;
				MTL_FAST_MATH = YES;
				ONLY_ACTIVE_ARCH = YES;
				SDKROOT = iphoneos;
				SWIFT_ACTIVE_COMPILATION_CONDITIONS = DEBUG;
				SWIFT_OPTIMIZATION_LEVEL = "-Onone";
			};
			name = Debug;
		};
		FA6D958728E187C9004D4D98 /* Release */ = {
			isa = XCBuildConfiguration;
			buildSettings = {
				ALWAYS_SEARCH_USER_PATHS = NO;
				CLANG_ANALYZER_NONNULL = YES;
				CLANG_ANALYZER_NUMBER_OBJECT_CONVERSION = YES_AGGRESSIVE;
				CLANG_CXX_LANGUAGE_STANDARD = "gnu++20";
				CLANG_ENABLE_MODULES = YES;
				CLANG_ENABLE_OBJC_ARC = YES;
				CLANG_ENABLE_OBJC_WEAK = YES;
				CLANG_WARN_BLOCK_CAPTURE_AUTORELEASING = YES;
				CLANG_WARN_BOOL_CONVERSION = YES;
				CLANG_WARN_COMMA = YES;
				CLANG_WARN_CONSTANT_CONVERSION = YES;
				CLANG_WARN_DEPRECATED_OBJC_IMPLEMENTATIONS = YES;
				CLANG_WARN_DIRECT_OBJC_ISA_USAGE = YES_ERROR;
				CLANG_WARN_DOCUMENTATION_COMMENTS = YES;
				CLANG_WARN_EMPTY_BODY = YES;
				CLANG_WARN_ENUM_CONVERSION = YES;
				CLANG_WARN_INFINITE_RECURSION = YES;
				CLANG_WARN_INT_CONVERSION = YES;
				CLANG_WARN_NON_LITERAL_NULL_CONVERSION = YES;
				CLANG_WARN_OBJC_IMPLICIT_RETAIN_SELF = YES;
				CLANG_WARN_OBJC_LITERAL_CONVERSION = YES;
				CLANG_WARN_OBJC_ROOT_CLASS = YES_ERROR;
				CLANG_WARN_QUOTED_INCLUDE_IN_FRAMEWORK_HEADER = YES;
				CLANG_WARN_RANGE_LOOP_ANALYSIS = YES;
				CLANG_WARN_STRICT_PROTOTYPES = YES;
				CLANG_WARN_SUSPICIOUS_MOVE = YES;
				CLANG_WARN_UNGUARDED_AVAILABILITY = YES_AGGRESSIVE;
				CLANG_WARN_UNREACHABLE_CODE = YES;
				CLANG_WARN__DUPLICATE_METHOD_MATCH = YES;
				COPY_PHASE_STRIP = NO;
				DEBUG_INFORMATION_FORMAT = "dwarf-with-dsym";
				ENABLE_NS_ASSERTIONS = NO;
				ENABLE_STRICT_OBJC_MSGSEND = YES;
				GCC_C_LANGUAGE_STANDARD = gnu11;
				GCC_NO_COMMON_BLOCKS = YES;
				GCC_WARN_64_TO_32_BIT_CONVERSION = YES;
				GCC_WARN_ABOUT_RETURN_TYPE = YES_ERROR;
				GCC_WARN_UNDECLARED_SELECTOR = YES;
				GCC_WARN_UNINITIALIZED_AUTOS = YES_AGGRESSIVE;
				GCC_WARN_UNUSED_FUNCTION = YES;
				GCC_WARN_UNUSED_VARIABLE = YES;
				IPHONEOS_DEPLOYMENT_TARGET = 16.0;
				MTL_ENABLE_DEBUG_INFO = NO;
				MTL_FAST_MATH = YES;
				SDKROOT = iphoneos;
				SWIFT_COMPILATION_MODE = wholemodule;
				SWIFT_OPTIMIZATION_LEVEL = "-O";
				VALIDATE_PRODUCT = YES;
			};
			name = Release;
		};
		FA6D958928E187C9004D4D98 /* Debug */ = {
			isa = XCBuildConfiguration;
			buildSettings = {
				ASSETCATALOG_COMPILER_APPICON_NAME = AppIcon;
				ASSETCATALOG_COMPILER_GLOBAL_ACCENT_COLOR_NAME = AccentColor;
				CODE_SIGN_STYLE = Automatic;
				CURRENT_PROJECT_VERSION = 1;
				DEVELOPMENT_ASSET_PATHS = "\"PersonalBest/Preview Content\"";
				DEVELOPMENT_TEAM = X4S6MUZL2D;
				ENABLE_PREVIEWS = YES;
				GENERATE_INFOPLIST_FILE = YES;
				INFOPLIST_KEY_UIApplicationSceneManifest_Generation = YES;
				INFOPLIST_KEY_UIApplicationSupportsIndirectInputEvents = YES;
				INFOPLIST_KEY_UILaunchScreen_Generation = YES;
				INFOPLIST_KEY_UISupportedInterfaceOrientations_iPad = "UIInterfaceOrientationPortrait UIInterfaceOrientationPortraitUpsideDown UIInterfaceOrientationLandscapeLeft UIInterfaceOrientationLandscapeRight";
				INFOPLIST_KEY_UISupportedInterfaceOrientations_iPhone = "UIInterfaceOrientationPortrait UIInterfaceOrientationLandscapeLeft UIInterfaceOrientationLandscapeRight";
				LD_RUNPATH_SEARCH_PATHS = (
					"$(inherited)",
					"@executable_path/Frameworks",
				);
				MARKETING_VERSION = 1.0;
				PRODUCT_BUNDLE_IDENTIFIER = com.skorulis.PersonalBest;
				PRODUCT_NAME = "$(TARGET_NAME)";
				SWIFT_EMIT_LOC_STRINGS = YES;
				SWIFT_VERSION = 5.0;
				TARGETED_DEVICE_FAMILY = "1,2";
			};
			name = Debug;
		};
		FA6D958A28E187C9004D4D98 /* Release */ = {
			isa = XCBuildConfiguration;
			buildSettings = {
				ASSETCATALOG_COMPILER_APPICON_NAME = AppIcon;
				ASSETCATALOG_COMPILER_GLOBAL_ACCENT_COLOR_NAME = AccentColor;
				CODE_SIGN_STYLE = Automatic;
				CURRENT_PROJECT_VERSION = 1;
				DEVELOPMENT_ASSET_PATHS = "\"PersonalBest/Preview Content\"";
				DEVELOPMENT_TEAM = X4S6MUZL2D;
				ENABLE_PREVIEWS = YES;
				GENERATE_INFOPLIST_FILE = YES;
				INFOPLIST_KEY_UIApplicationSceneManifest_Generation = YES;
				INFOPLIST_KEY_UIApplicationSupportsIndirectInputEvents = YES;
				INFOPLIST_KEY_UILaunchScreen_Generation = YES;
				INFOPLIST_KEY_UISupportedInterfaceOrientations_iPad = "UIInterfaceOrientationPortrait UIInterfaceOrientationPortraitUpsideDown UIInterfaceOrientationLandscapeLeft UIInterfaceOrientationLandscapeRight";
				INFOPLIST_KEY_UISupportedInterfaceOrientations_iPhone = "UIInterfaceOrientationPortrait UIInterfaceOrientationLandscapeLeft UIInterfaceOrientationLandscapeRight";
				LD_RUNPATH_SEARCH_PATHS = (
					"$(inherited)",
					"@executable_path/Frameworks",
				);
				MARKETING_VERSION = 1.0;
				PRODUCT_BUNDLE_IDENTIFIER = com.skorulis.PersonalBest;
				PRODUCT_NAME = "$(TARGET_NAME)";
				SWIFT_EMIT_LOC_STRINGS = YES;
				SWIFT_VERSION = 5.0;
				TARGETED_DEVICE_FAMILY = "1,2";
			};
			name = Release;
		};
		FA6D95B428E1AEDA004D4D98 /* Debug */ = {
			isa = XCBuildConfiguration;
			buildSettings = {
				BUNDLE_LOADER = "$(TEST_HOST)";
				CODE_SIGN_STYLE = Automatic;
				CURRENT_PROJECT_VERSION = 1;
				DEVELOPMENT_TEAM = X4S6MUZL2D;
				GENERATE_INFOPLIST_FILE = YES;
				MARKETING_VERSION = 1.0;
				PRODUCT_BUNDLE_IDENTIFIER = com.skorulis.PersonalBestTests;
				PRODUCT_NAME = "$(TARGET_NAME)";
				SWIFT_EMIT_LOC_STRINGS = NO;
				SWIFT_VERSION = 5.0;
				TARGETED_DEVICE_FAMILY = "1,2";
				TEST_HOST = "$(BUILT_PRODUCTS_DIR)/PersonalBest.app/$(BUNDLE_EXECUTABLE_FOLDER_PATH)/PersonalBest";
			};
			name = Debug;
		};
		FA6D95B528E1AEDA004D4D98 /* Release */ = {
			isa = XCBuildConfiguration;
			buildSettings = {
				BUNDLE_LOADER = "$(TEST_HOST)";
				CODE_SIGN_STYLE = Automatic;
				CURRENT_PROJECT_VERSION = 1;
				DEVELOPMENT_TEAM = X4S6MUZL2D;
				GENERATE_INFOPLIST_FILE = YES;
				MARKETING_VERSION = 1.0;
				PRODUCT_BUNDLE_IDENTIFIER = com.skorulis.PersonalBestTests;
				PRODUCT_NAME = "$(TARGET_NAME)";
				SWIFT_EMIT_LOC_STRINGS = NO;
				SWIFT_VERSION = 5.0;
				TARGETED_DEVICE_FAMILY = "1,2";
				TEST_HOST = "$(BUILT_PRODUCTS_DIR)/PersonalBest.app/$(BUNDLE_EXECUTABLE_FOLDER_PATH)/PersonalBest";
			};
			name = Release;
		};
/* End XCBuildConfiguration section */

/* Begin XCConfigurationList section */
		FA6D957528E187C8004D4D98 /* Build configuration list for PBXProject "PersonalBest" */ = {
			isa = XCConfigurationList;
			buildConfigurations = (
				FA6D958628E187C9004D4D98 /* Debug */,
				FA6D958728E187C9004D4D98 /* Release */,
			);
			defaultConfigurationIsVisible = 0;
			defaultConfigurationName = Release;
		};
		FA6D958828E187C9004D4D98 /* Build configuration list for PBXNativeTarget "PersonalBest" */ = {
			isa = XCConfigurationList;
			buildConfigurations = (
				FA6D958928E187C9004D4D98 /* Debug */,
				FA6D958A28E187C9004D4D98 /* Release */,
			);
			defaultConfigurationIsVisible = 0;
			defaultConfigurationName = Release;
		};
		FA6D95B328E1AEDA004D4D98 /* Build configuration list for PBXNativeTarget "PersonalBestTests" */ = {
			isa = XCConfigurationList;
			buildConfigurations = (
				FA6D95B428E1AEDA004D4D98 /* Debug */,
				FA6D95B528E1AEDA004D4D98 /* Release */,
			);
			defaultConfigurationIsVisible = 0;
			defaultConfigurationName = Release;
		};
/* End XCConfigurationList section */

/* Begin XCSwiftPackageProductDependency section */
		FA6D959F28E18F77004D4D98 /* ASKCore */ = {
			isa = XCSwiftPackageProductDependency;
			productName = ASKCore;
		};
		FA6D95A128E18F77004D4D98 /* ASSwiftUI */ = {
			isa = XCSwiftPackageProductDependency;
			productName = ASSwiftUI;
		};
/* End XCSwiftPackageProductDependency section */
	};
	rootObject = FA6D957228E187C8004D4D98 /* Project object */;
}
